
Microsoft Visual Studio Solution File, Format Version 12.00
# Visual Studio Version 17
VisualStudioVersion = 17.13.36105.23
MinimumVisualStudioVersion = 10.0.40219.1
Project("{FAE04EC0-301F-11D3-BF4B-00C04F79EFBC}") = "Avalonia.Accelerate.Dialogs", "Avalonia.Accelerate.Dialogs\Avalonia.Accelerate.Dialogs.csproj", "{F5528969-1D04-40AD-866E-D847C7F397F9}"
EndProject
Project("{FAE04EC0-301F-11D3-BF4B-00C04F79EFBC}") = "Avalonia.Accelerate.Icons", "Avalonia.Accelerate.Icons\Avalonia.Accelerate.Icons.csproj", "{B6F4D72D-A2C3-4B35-B23D-4CB54B1DC76E}"
EndProject
Project("{FAE04EC0-301F-11D3-BF4B-00C04F79EFBC}") = "Avalonia.Accelerate.Driver", "Avalonia.Accelerate.Driver\Avalonia.Accelerate.Driver.csproj", "{968DACFF-EAEE-407F-B9C2-D950A4377C87}"
EndProject
Project("{FAE04EC0-301F-11D3-BF4B-00C04F79EFBC}") = "Avalonia.Accelerate.Appearance", "Avalonia.Accelerate.Appearance\Avalonia.Accelerate.Appearance.csproj", "{D0E36CA6-2697-4041-AAFB-7103D2610067}"
EndProject
Project("{FAE04EC0-301F-11D3-BF4B-00C04F79EFBC}") = "Avalonia.Accelerate.Appearance.Tests", "Avalonia.Accelerate.Appearance.Tests\Avalonia.Accelerate.Appearance.Tests.csproj", "{78AA3BA4-F1DB-4A54-BE96-B7D5A1C64265}"
EndProject
Project("{FAE04EC0-301F-11D3-BF4B-00C04F79EFBC}") = "Avalonia.Accelerate.Dialogs.Tests", "Avalonia.Accelerate.Dialogs.Tests\Avalonia.Accelerate.Dialogs.Tests.csproj", "{0F39FB39-06AF-4A86-8AAB-E61A4C3299C5}"
EndProject
Project("{FAE04EC0-301F-11D3-BF4B-00C04F79EFBC}") = "Avalonia.Accelerate.Icons.Tests", "Avalonia.Accelerate.Icon.Tests\Avalonia.Accelerate.Icons.Tests.csproj", "{23731EF4-E3AB-41A3-8E81-6B4D3EC8E178}"
EndProject
Project("{FAE04EC0-301F-11D3-BF4B-00C04F79EFBC}") = "Avalonia.Accelerate.TestUtilities", "Avalonia.Accelerate.TestUtilities\Avalonia.Accelerate.TestUtilities.csproj", "{32F6CAA0-2919-493C-A6BD-3C211FB41E94}"
EndProject
Project("{FAE04EC0-301F-11D3-BF4B-00C04F79EFBC}") = "Avalonia.Accelerate.Controls", "Avalonia.Accelerate.Controls\Avalonia.Accelerate.Controls.csproj", "{C2D1E507-216A-476B-A247-7BBCFE59E746}"
EndProject
Project("{FAE04EC0-301F-11D3-BF4B-00C04F79EFBC}") = "Avalonia.Accelerate.Controls.Tests", "Avalonia.Accelerate.Controls.Tests\Avalonia.Accelerate.Controls.Tests.csproj", "{2FC27EDA-11A2-4DBA-B9D5-14159D3FFBB0}"
EndProject
Global
	GlobalSection(SolutionConfigurationPlatforms) = preSolution
		Debug|Any CPU = Debug|Any CPU
		Release|Any CPU = Release|Any CPU
	EndGlobalSection
	GlobalSection(ProjectConfigurationPlatforms) = postSolution
		{F5528969-1D04-40AD-866E-D847C7F397F9}.Debug|Any CPU.ActiveCfg = Debug|Any CPU
		{F5528969-1D04-40AD-866E-D847C7F397F9}.Debug|Any CPU.Build.0 = Debug|Any CPU
		{F5528969-1D04-40AD-866E-D847C7F397F9}.Release|Any CPU.ActiveCfg = Release|Any CPU
		{F5528969-1D04-40AD-866E-D847C7F397F9}.Release|Any CPU.Build.0 = Release|Any CPU
		{B6F4D72D-A2C3-4B35-B23D-4CB54B1DC76E}.Debug|Any CPU.ActiveCfg = Debug|Any CPU
		{B6F4D72D-A2C3-4B35-B23D-4CB54B1DC76E}.Debug|Any CPU.Build.0 = Debug|Any CPU
		{B6F4D72D-A2C3-4B35-B23D-4CB54B1DC76E}.Release|Any CPU.ActiveCfg = Release|Any CPU
		{B6F4D72D-A2C3-4B35-B23D-4CB54B1DC76E}.Release|Any CPU.Build.0 = Release|Any CPU
		{968DACFF-EAEE-407F-B9C2-D950A4377C87}.Debug|Any CPU.ActiveCfg = Debug|Any CPU
		{968DACFF-EAEE-407F-B9C2-D950A4377C87}.Debug|Any CPU.Build.0 = Debug|Any CPU
		{968DACFF-EAEE-407F-B9C2-D950A4377C87}.Release|Any CPU.ActiveCfg = Release|Any CPU
		{968DACFF-EAEE-407F-B9C2-D950A4377C87}.Release|Any CPU.Build.0 = Release|Any CPU
		{D0E36CA6-2697-4041-AAFB-7103D2610067}.Debug|Any CPU.ActiveCfg = Debug|Any CPU
		{D0E36CA6-2697-4041-AAFB-7103D2610067}.Debug|Any CPU.Build.0 = Debug|Any CPU
		{D0E36CA6-2697-4041-AAFB-7103D2610067}.Release|Any CPU.ActiveCfg = Release|Any CPU
		{D0E36CA6-2697-4041-AAFB-7103D2610067}.Release|Any CPU.Build.0 = Release|Any CPU
		{78AA3BA4-F1DB-4A54-BE96-B7D5A1C64265}.Debug|Any CPU.ActiveCfg = Debug|Any CPU
		{78AA3BA4-F1DB-4A54-BE96-B7D5A1C64265}.Debug|Any CPU.Build.0 = Debug|Any CPU
		{78AA3BA4-F1DB-4A54-BE96-B7D5A1C64265}.Release|Any CPU.ActiveCfg = Release|Any CPU
		{78AA3BA4-F1DB-4A54-BE96-B7D5A1C64265}.Release|Any CPU.Build.0 = Release|Any CPU
		{0F39FB39-06AF-4A86-8AAB-E61A4C3299C5}.Debug|Any CPU.ActiveCfg = Debug|Any CPU
		{0F39FB39-06AF-4A86-8AAB-E61A4C3299C5}.Debug|Any CPU.Build.0 = Debug|Any CPU
		{0F39FB39-06AF-4A86-8AAB-E61A4C3299C5}.Release|Any CPU.ActiveCfg = Release|Any CPU
		{0F39FB39-06AF-4A86-8AAB-E61A4C3299C5}.Release|Any CPU.Build.0 = Release|Any CPU
		{23731EF4-E3AB-41A3-8E81-6B4D3EC8E178}.Debug|Any CPU.ActiveCfg = Debug|Any CPU
		{23731EF4-E3AB-41A3-8E81-6B4D3EC8E178}.Debug|Any CPU.Build.0 = Debug|Any CPU
		{23731EF4-E3AB-41A3-8E81-6B4D3EC8E178}.Release|Any CPU.ActiveCfg = Release|Any CPU
		{23731EF4-E3AB-41A3-8E81-6B4D3EC8E178}.Release|Any CPU.Build.0 = Release|Any CPU
		{32F6CAA0-2919-493C-A6BD-3C211FB41E94}.Debug|Any CPU.ActiveCfg = Debug|Any CPU
		{32F6CAA0-2919-493C-A6BD-3C211FB41E94}.Debug|Any CPU.Build.0 = Debug|Any CPU
		{32F6CAA0-2919-493C-A6BD-3C211FB41E94}.Release|Any CPU.ActiveCfg = Release|Any CPU
		{32F6CAA0-2919-493C-A6BD-3C211FB41E94}.Release|Any CPU.Build.0 = Release|Any CPU
		{C2D1E507-216A-476B-A247-7BBCFE59E746}.Debug|Any CPU.ActiveCfg = Debug|Any CPU
		{C2D1E507-216A-476B-A247-7BBCFE59E746}.Debug|Any CPU.Build.0 = Debug|Any CPU
		{C2D1E507-216A-476B-A247-7BBCFE59E746}.Release|Any CPU.ActiveCfg = Release|Any CPU
		{C2D1E507-216A-476B-A247-7BBCFE59E746}.Release|Any CPU.Build.0 = Release|Any CPU
		{2FC27EDA-11A2-4DBA-B9D5-14159D3FFBB0}.Debug|Any CPU.ActiveCfg = Debug|Any CPU
		{2FC27EDA-11A2-4DBA-B9D5-14159D3FFBB0}.Debug|Any CPU.Build.0 = Debug|Any CPU
		{2FC27EDA-11A2-4DBA-B9D5-14159D3FFBB0}.Release|Any CPU.ActiveCfg = Release|Any CPU
		{2FC27EDA-11A2-4DBA-B9D5-14159D3FFBB0}.Release|Any CPU.Build.0 = Release|Any CPU
	EndGlobalSection
	GlobalSection(SolutionProperties) = preSolution
		HideSolutionNode = FALSE
	EndGlobalSection
	GlobalSection(ExtensibilityGlobals) = postSolution
		SolutionGuid = {BC712EB7-5BEE-4418-BA1E-FABD79D5854F}
	EndGlobalSection
EndGlobal
